
Microsoft Visual Studio Solution File, Format Version 12.00
# Visual Studio Version 16
VisualStudioVersion = 16.0.30611.23
MinimumVisualStudioVersion = 10.0.40219.1
Project("{FAE04EC0-301F-11D3-BF4B-00C04F79EFBC}") = "Sorting", "Sorting\Sorting.csproj", "{FC992318-8B2B-489C-BD7C-42EFBB0519D0}"
EndProject
Global
	GlobalSection(SolutionConfigurationPlatforms) = preSolution
		Debug|Any CPU = Debug|Any CPU
		Release|Any CPU = Release|Any CPU
	EndGlobalSection
	GlobalSection(ProjectConfigurationPlatforms) = postSolution
		{FC992318-8B2B-489C-BD7C-42EFBB0519D0}.Debug|Any CPU.ActiveCfg = Debug|Any CPU
		{FC992318-8B2B-489C-BD7C-42EFBB0519D0}.Debug|Any CPU.Build.0 = Debug|Any CPU
		{FC992318-8B2B-489C-BD7C-42EFBB0519D0}.Release|Any CPU.ActiveCfg = Release|Any CPU
		{FC992318-8B2B-489C-BD7C-42EFBB0519D0}.Release|Any CPU.Build.0 = Release|Any CPU
	EndGlobalSection
	GlobalSection(SolutionProperties) = preSolution
		HideSolutionNode = FALSE
	EndGlobalSection
	GlobalSection(ExtensibilityGlobals) = postSolution
		SolutionGuid = {F20E3316-040F-4843-AC63-029110B4BAEC}
	EndGlobalSection
EndGlobal
